
Microsoft Visual Studio Solution File, Format Version 12.00
# Visual Studio Version 17
VisualStudioVersion = 17.11.35327.3
MinimumVisualStudioVersion = 10.0.40219.1
Project("{FAE04EC0-301F-11D3-BF4B-00C04F79EFBC}") = "SysInfoApp", "SysInfoApp\SysInfoApp.csproj", "{71F21B74-44EE-4BD0-976C-2AF24916F661}"
EndProject
Global
	GlobalSection(SolutionConfigurationPlatforms) = preSolution
		Debug|Any CPU = Debug|Any CPU
		Release|Any CPU = Release|Any CPU
	EndGlobalSection
	GlobalSection(ProjectConfigurationPlatforms) = postSolution
		{71F21B74-44EE-4BD0-976C-2AF24916F661}.Debug|Any CPU.ActiveCfg = Debug|Any CPU
		{71F21B74-44EE-4BD0-976C-2AF24916F661}.Debug|Any CPU.Build.0 = Debug|Any CPU
		{71F21B74-44EE-4BD0-976C-2AF24916F661}.Release|Any CPU.ActiveCfg = Release|Any CPU
		{71F21B74-44EE-4BD0-976C-2AF24916F661}.Release|Any CPU.Build.0 = Release|Any CPU
	EndGlobalSection
	GlobalSection(SolutionProperties) = preSolution
		HideSolutionNode = FALSE
	EndGlobalSection
	GlobalSection(ExtensibilityGlobals) = postSolution
		SolutionGuid = {1F71F657-DA85-4C02-A4B5-F8B4F7AB0633}
	EndGlobalSection
EndGlobal
